
Microsoft Visual Studio Solution File, Format Version 12.00
Project("{FAE04EC0-301F-11D3-BF4B-00C04F79EFBC}") = "HibasOOPDolgozat", "HibasOOPDolgozat\HibasOOPDolgozat.csproj", "{F00F3741-5568-44F8-9DCC-2557CB88070E}"
EndProject
Global
	GlobalSection(SolutionConfigurationPlatforms) = preSolution
		Debug|Any CPU = Debug|Any CPU
		Release|Any CPU = Release|Any CPU
	EndGlobalSection
	GlobalSection(ProjectConfigurationPlatforms) = postSolution
		{F00F3741-5568-44F8-9DCC-2557CB88070E}.Debug|Any CPU.ActiveCfg = Debug|Any CPU
		{F00F3741-5568-44F8-9DCC-2557CB88070E}.Debug|Any CPU.Build.0 = Debug|Any CPU
		{F00F3741-5568-44F8-9DCC-2557CB88070E}.Release|Any CPU.ActiveCfg = Release|Any CPU
		{F00F3741-5568-44F8-9DCC-2557CB88070E}.Release|Any CPU.Build.0 = Release|Any CPU
	EndGlobalSection
EndGlobal
